PODS:
  - FBSnapshotTestCase (2.1.4):
    - FBSnapshotTestCase/SwiftSupport (= 2.1.4)
  - FBSnapshotTestCase/Core (2.1.4)
  - FBSnapshotTestCase/SwiftSupport (2.1.4):
    - FBSnapshotTestCase/Core
  - iOSSnapshotTestCase (8.0.0):
    - iOSSnapshotTestCase/SwiftSupport (= 8.0.0)
  - iOSSnapshotTestCase/Core (8.0.0)
  - iOSSnapshotTestCase/SwiftSupport (8.0.0):
    - iOSSnapshotTestCase/Core
  - LogUnify (0.1.0):
    - SQLite.swift (~> 0.14.1)
  - Nimble (10.0.0)
  - Nimble-Snapshots (9.4.0):
    - Nimble-Snapshots/Core (= 9.4.0)
  - Nimble-Snapshots/Core (9.4.0):
    - iOSSnapshotTestCase (~> 8.0)
    - Nimble
  - Quick (2.2.1)
  - SQLite.swift (0.14.1):
    - SQLite.swift/standard (= 0.14.1)
  - SQLite.swift/standard (0.14.1)
  - SwiftProtobuf (1.20.3)

DEPENDENCIES:
  - FBSnapshotTestCase (~> 2.1.4)
  - LogUnify (from `../`)
  - Nimble (~> 10.0.0)
  - Nimble-Snapshots (~> 9.4.0)
  - Quick (~> 2.2.0)
  - SQLite.swift (~> 0.14.0)
  - SwiftProtobuf (~> 1.0)

SPEC REPOS:
  trunk:
    - FBSnapshotTestCase
    - iOSSnapshotTestCase
    - Nimble
    - Nimble-Snapshots
    - Quick
    - SQLite.swift
    - SwiftProtobuf

EXTERNAL SOURCES:
  LogUnify:
    :path: "../"

SPEC CHECKSUMS:
  FBSnapshotTestCase: 094f9f314decbabe373b87cc339bea235a63e07a
  iOSSnapshotTestCase: a670511f9ee3829c2b9c23e6e68f315fd7b6790f
  LogUnify: 143cccebf5b0543752821c867ffb8e6f9985adb3
  Nimble: 5316ef81a170ce87baf72dd961f22f89a602ff84
  Nimble-Snapshots: ef281b908c604f78c8313587e25ea92c8ab513d7
  Quick: f5754d69b7013f5864c29aab9ae6f0c79c5bc200
  SQLite.swift: 2992550ebf3c5b268bf4352603e3df87d2a4ed72
  SwiftProtobuf: b02b5075dcf60c9f5f403000b3b0c202a11b6ae1

PODFILE CHECKSUM: eebd2890cc7b6f58dc5a7742f07bf035e5313ab5

COCOAPODS: 1.11.3
